
Microsoft Visual Studio Solution File, Format Version 12.00
# Visual Studio Version 17
VisualStudioVersion = 17.8.34330.188
MinimumVisualStudioVersion = 10.0.40219.1
Project("{FAE04EC0-301F-11D3-BF4B-00C04F79EFBC}") = "BlazeConsole", "BlazeConsole.csproj", "{EB1AB913-4248-4AC5-94E3-3703A7E49B4B}"
EndProject
Project("{FAE04EC0-301F-11D3-BF4B-00C04F79EFBC}") = "BlazeConsoleDisplay", "..\BlazeConsoleDisplay\BlazeConsoleDisplay.csproj", "{82F063C5-59E4-40C1-A1DF-27CF3C98B8F3}"
EndProject
Global
	GlobalSection(SolutionConfigurationPlatforms) = preSolution
		Debug|Any CPU = Debug|Any CPU
		Release|Any CPU = Release|Any CPU
	EndGlobalSection
	GlobalSection(ProjectConfigurationPlatforms) = postSolution
		{EB1AB913-4248-4AC5-94E3-3703A7E49B4B}.Debug|Any CPU.ActiveCfg = Debug|Any CPU
		{EB1AB913-4248-4AC5-94E3-3703A7E49B4B}.Debug|Any CPU.Build.0 = Debug|Any CPU
		{EB1AB913-4248-4AC5-94E3-3703A7E49B4B}.Release|Any CPU.ActiveCfg = Release|Any CPU
		{EB1AB913-4248-4AC5-94E3-3703A7E49B4B}.Release|Any CPU.Build.0 = Release|Any CPU
		{82F063C5-59E4-40C1-A1DF-27CF3C98B8F3}.Debug|Any CPU.ActiveCfg = Debug|Any CPU
		{82F063C5-59E4-40C1-A1DF-27CF3C98B8F3}.Debug|Any CPU.Build.0 = Debug|Any CPU
		{82F063C5-59E4-40C1-A1DF-27CF3C98B8F3}.Release|Any CPU.ActiveCfg = Release|Any CPU
		{82F063C5-59E4-40C1-A1DF-27CF3C98B8F3}.Release|Any CPU.Build.0 = Release|Any CPU
	EndGlobalSection
	GlobalSection(SolutionProperties) = preSolution
		HideSolutionNode = FALSE
	EndGlobalSection
	GlobalSection(ExtensibilityGlobals) = postSolution
		SolutionGuid = {52EDF427-E4E6-4A01-8914-BD8954751AAC}
	EndGlobalSection
EndGlobal
